// !$*UTF8*$!
{
	archiveVersion = 1;
	classes = {
	};
	objectVersion = 50;
	objects = {

/* Begin PBXBuildFile section */
		7B6E640726A625B900ECB1B9 /* AppDelegate.swift in Sources */ = {isa = PBXBuildFile; fileRef = 7B6E640626A625B900ECB1B9 /* AppDelegate.swift */; };
		7B6E640926A625B900ECB1B9 /* SceneDelegate.swift in Sources */ = {isa = PBXBuildFile; fileRef = 7B6E640826A625B900ECB1B9 /* SceneDelegate.swift */; };
		7B6E640E26A625B900ECB1B9 /* Main.storyboard in Resources */ = {isa = PBXBuildFile; fileRef = 7B6E640C26A625B900ECB1B9 /* Main.storyboard */; };
		7B6E641126A625B900ECB1B9 /* toDoList.xcdatamodeld in Sources */ = {isa = PBXBuildFile; fileRef = 7B6E640F26A625B900ECB1B9 /* toDoList.xcdatamodeld */; };
		7B6E641326A625BE00ECB1B9 /* Assets.xcassets in Resources */ = {isa = PBXBuildFile; fileRef = 7B6E641226A625BE00ECB1B9 /* Assets.xcassets */; };
		7B6E641626A625BE00ECB1B9 /* LaunchScreen.storyboard in Resources */ = {isa = PBXBuildFile; fileRef = 7B6E641426A625BE00ECB1B9 /* LaunchScreen.storyboard */; };
		7B6E642126A625BE00ECB1B9 /* toDoListTests.swift in Sources */ = {isa = PBXBuildFile; fileRef = 7B6E642026A625BE00ECB1B9 /* toDoListTests.swift */; };
		7B6E642C26A625BF00ECB1B9 /* toDoListUITests.swift in Sources */ = {isa = PBXBuildFile; fileRef = 7B6E642B26A625BF00ECB1B9 /* toDoListUITests.swift */; };
		7B6E643A26A6295000ECB1B9 /* ToDoTableViewController.swift in Sources */ = {isa = PBXBuildFile; fileRef = 7B6E643926A6295000ECB1B9 /* ToDoTableViewController.swift */; };
		7B6E643C26A62AF200ECB1B9 /* ToDo.swift in Sources */ = {isa = PBXBuildFile; fileRef = 7B6E643B26A62AF200ECB1B9 /* ToDo.swift */; };
		7B6E643E26A7033C00ECB1B9 /* AddToDoViewController.swift in Sources */ = {isa = PBXBuildFile; fileRef = 7B6E643D26A7033B00ECB1B9 /* AddToDoViewController.swift */; };
		7B6E644026A70B7100ECB1B9 /* CompleteToDoViewController.swift in Sources */ = {isa = PBXBuildFile; fileRef = 7B6E643F26A70B7100ECB1B9 /* CompleteToDoViewController.swift */; };
/* End PBXBuildFile section */

/* Begin PBXContainerItemProxy section */
		7B6E641D26A625BE00ECB1B9 /* PBXContainerItemProxy */ = {
			isa = PBXContainerItemProxy;
			containerPortal = 7B6E63FB26A625B800ECB1B9 /* Project object */;
			proxyType = 1;
			remoteGlobalIDString = 7B6E640226A625B800ECB1B9;
			remoteInfo = toDoList;
		};
		7B6E642826A625BF00ECB1B9 /* PBXContainerItemProxy */ = {
			isa = PBXContainerItemProxy;
			containerPortal = 7B6E63FB26A625B800ECB1B9 /* Project object */;
			proxyType = 1;
			remoteGlobalIDString = 7B6E640226A625B800ECB1B9;
			remoteInfo = toDoList;
		};
/* End PBXContainerItemProxy section */

/* Begin PBXFileReference section */
		7B6E640326A625B900ECB1B9 /* toDoList.app */ = {isa = PBXFileReference; explicitFileType = wrapper.application; includeInIndex = 0; path = toDoList.app; sourceTree = BUILT_PRODUCTS_DIR; };
		7B6E640626A625B900ECB1B9 /* AppDelegate.swift */ = {isa = PBXFileReference; lastKnownFileType = sourcecode.swift; path = AppDelegate.swift; sourceTree = "<group>"; };
		7B6E640826A625B900ECB1B9 /* SceneDelegate.swift */ = {isa = PBXFileReference; lastKnownFileType = sourcecode.swift; path = SceneDelegate.swift; sourceTree = "<group>"; };
		7B6E640D26A625B900ECB1B9 /* Base */ = {isa = PBXFileReference; lastKnownFileType = file.storyboard; name = Base; path = Base.lproj/Main.storyboard; sourceTree = "<group>"; };
		7B6E641026A625B900ECB1B9 /* toDoList.xcdatamodel */ = {isa = PBXFileReference; lastKnownFileType = wrapper.xcdatamodel; path = toDoList.xcdatamodel; sourceTree = "<group>"; };
		7B6E641226A625BE00ECB1B9 /* Assets.xcassets */ = {isa = PBXFileReference; lastKnownFileType = folder.assetcatalog; path = Assets.xcassets; sourceTree = "<group>"; };
		7B6E641526A625BE00ECB1B9 /* Base */ = {isa = PBXFileReference; lastKnownFileType = file.storyboard; name = Base; path = Base.lproj/LaunchScreen.storyboard; sourceTree = "<group>"; };
		7B6E641726A625BE00ECB1B9 /* Info.plist */ = {isa = PBXFileReference; lastKnownFileType = text.plist.xml; path = Info.plist; sourceTree = "<group>"; };
		7B6E641C26A625BE00ECB1B9 /* toDoListTests.xctest */ = {isa = PBXFileReference; explicitFileType = wrapper.cfbundle; includeInIndex = 0; path = toDoListTests.xctest; sourceTree = BUILT_PRODUCTS_DIR; };
		7B6E642026A625BE00ECB1B9 /* toDoListTests.swift */ = {isa = PBXFileReference; lastKnownFileType = sourcecode.swift; path = toDoListTests.swift; sourceTree = "<group>"; };
		7B6E642226A625BE00ECB1B9 /* Info.plist */ = {isa = PBXFileReference; lastKnownFileType = text.plist.xml; path = Info.plist; sourceTree = "<group>"; };
		7B6E642726A625BF00ECB1B9 /* toDoListUITests.xctest */ = {isa = PBXFileReference; explicitFileType = wrapper.cfbundle; includeInIndex = 0; path = toDoListUITests.xctest; sourceTree = BUILT_PRODUCTS_DIR; };
		7B6E642B26A625BF00ECB1B9 /* toDoListUITests.swift */ = {isa = PBXFileReference; lastKnownFileType = sourcecode.swift; path = toDoListUITests.swift; sourceTree = "<group>"; };
		7B6E642D26A625BF00ECB1B9 /* Info.plist */ = {isa = PBXFileReference; lastKnownFileType = text.plist.xml; path = Info.plist; sourceTree = "<group>"; };
		7B6E643926A6295000ECB1B9 /* ToDoTableViewController.swift */ = {isa = PBXFileReference; lastKnownFileType = sourcecode.swift; path = ToDoTableViewController.swift; sourceTree = "<group>"; };
		7B6E643B26A62AF200ECB1B9 /* ToDo.swift */ = {isa = PBXFileReference; lastKnownFileType = sourcecode.swift; path = ToDo.swift; sourceTree = "<group>"; };
		7B6E643D26A7033B00ECB1B9 /* AddToDoViewController.swift */ = {isa = PBXFileReference; lastKnownFileType = sourcecode.swift; path = AddToDoViewController.swift; sourceTree = "<group>"; };
		7B6E643F26A70B7100ECB1B9 /* CompleteToDoViewController.swift */ = {isa = PBXFileReference; lastKnownFileType = sourcecode.swift; path = CompleteToDoViewController.swift; sourceTree = "<group>"; };
/* End PBXFileReference section */

/* Begin PBXFrameworksBuildPhase section */
		7B6E640026A625B800ECB1B9 /* Frameworks */ = {
			isa = PBXFrameworksBuildPhase;
			buildActionMask = 2147483647;
			files = (
			);
			runOnlyForDeploymentPostprocessing = 0;
		};
		7B6E641926A625BE00ECB1B9 /* Frameworks */ = {
			isa = PBXFrameworksBuildPhase;
			buildActionMask = 2147483647;
			files = (
			);
			runOnlyForDeploymentPostprocessing = 0;
		};
		7B6E642426A625BF00ECB1B9 /* Frameworks */ = {
			isa = PBXFrameworksBuildPhase;
			buildActionMask = 2147483647;
			files = (
			);
			runOnlyForDeploymentPostprocessing = 0;
		};
/* End PBXFrameworksBuildPhase section */

/* Begin PBXGroup section */
		7B6E63FA26A625B800ECB1B9 = {
			isa = PBXGroup;
			children = (
				7B6E640526A625B900ECB1B9 /* toDoList */,
				7B6E641F26A625BE00ECB1B9 /* toDoListTests */,
				7B6E642A26A625BF00ECB1B9 /* toDoListUITests */,
				7B6E640426A625B900ECB1B9 /* Products */,
			);
			sourceTree = "<group>";
		};
		7B6E640426A625B900ECB1B9 /* Products */ = {
			isa = PBXGroup;
			children = (
				7B6E640326A625B900ECB1B9 /* toDoList.app */,
				7B6E641C26A625BE00ECB1B9 /* toDoListTests.xctest */,
				7B6E642726A625BF00ECB1B9 /* toDoListUITests.xctest */,
			);
			name = Products;
			sourceTree = "<group>";
		};
		7B6E640526A625B900ECB1B9 /* toDoList */ = {
			isa = PBXGroup;
			children = (
				7B6E640626A625B900ECB1B9 /* AppDelegate.swift */,
				7B6E640826A625B900ECB1B9 /* SceneDelegate.swift */,
				7B6E640C26A625B900ECB1B9 /* Main.storyboard */,
				7B6E643F26A70B7100ECB1B9 /* CompleteToDoViewController.swift */,
				7B6E643D26A7033B00ECB1B9 /* AddToDoViewController.swift */,
				7B6E643B26A62AF200ECB1B9 /* ToDo.swift */,
				7B6E643926A6295000ECB1B9 /* ToDoTableViewController.swift */,
				7B6E641226A625BE00ECB1B9 /* Assets.xcassets */,
				7B6E641426A625BE00ECB1B9 /* LaunchScreen.storyboard */,
				7B6E641726A625BE00ECB1B9 /* Info.plist */,
				7B6E640F26A625B900ECB1B9 /* toDoList.xcdatamodeld */,
			);
			path = toDoList;
			sourceTree = "<group>";
		};
		7B6E641F26A625BE00ECB1B9 /* toDoListTests */ = {
			isa = PBXGroup;
			children = (
				7B6E642026A625BE00ECB1B9 /* toDoListTests.swift */,
				7B6E642226A625BE00ECB1B9 /* Info.plist */,
			);
			path = toDoListTests;
			sourceTree = "<group>";
		};
		7B6E642A26A625BF00ECB1B9 /* toDoListUITests */ = {
			isa = PBXGroup;
			children = (
				7B6E642B26A625BF00ECB1B9 /* toDoListUITests.swift */,
				7B6E642D26A625BF00ECB1B9 /* Info.plist */,
			);
			path = toDoListUITests;
			sourceTree = "<group>";
		};
/* End PBXGroup section */

/* Begin PBXNativeTarget section */
		7B6E640226A625B800ECB1B9 /* toDoList */ = {
			isa = PBXNativeTarget;
			buildConfigurationList = 7B6E643026A625BF00ECB1B9 /* Build configuration list for PBXNativeTarget "toDoList" */;
			buildPhases = (
				7B6E63FF26A625B800ECB1B9 /* Sources */,
				7B6E640026A625B800ECB1B9 /* Frameworks */,
				7B6E640126A625B800ECB1B9 /* Resources */,
			);
			buildRules = (
			);
			dependencies = (
			);
			name = toDoList;
			productName = toDoList;
			productReference = 7B6E640326A625B900ECB1B9 /* toDoList.app */;
			productType = "com.apple.product-type.application";
		};
		7B6E641B26A625BE00ECB1B9 /* toDoListTests */ = {
			isa = PBXNativeTarget;
			buildConfigurationList = 7B6E643326A625BF00ECB1B9 /* Build configuration list for PBXNativeTarget "toDoListTests" */;
			buildPhases = (
				7B6E641826A625BE00ECB1B9 /* Sources */,
				7B6E641926A625BE00ECB1B9 /* Frameworks */,
				7B6E641A26A625BE00ECB1B9 /* Resources */,
			);
			buildRules = (
			);
			dependencies = (
				7B6E641E26A625BE00ECB1B9 /* PBXTargetDependency */,
			);
			name = toDoListTests;
			productName = toDoListTests;
			productReference = 7B6E641C26A625BE00ECB1B9 /* toDoListTests.xctest */;
			productType = "com.apple.product-type.bundle.unit-test";
		};
		7B6E642626A625BF00ECB1B9 /* toDoListUITests */ = {
			isa = PBXNativeTarget;
			buildConfigurationList = 7B6E643626A625BF00ECB1B9 /* Build configuration list for PBXNativeTarget "toDoListUITests" */;
			buildPhases = (
				7B6E642326A625BF00ECB1B9 /* Sources */,
				7B6E642426A625BF00ECB1B9 /* Frameworks */,
				7B6E642526A625BF00ECB1B9 /* Resources */,
			);
			buildRules = (
			);
			dependencies = (
				7B6E642926A625BF00ECB1B9 /* PBXTargetDependency */,
			);
			name = toDoListUITests;
			productName = toDoListUITests;
			productReference = 7B6E642726A625BF00ECB1B9 /* toDoListUITests.xctest */;
			productType = "com.apple.product-type.bundle.ui-testing";
		};
/* End PBXNativeTarget section */

/* Begin PBXProject section */
		7B6E63FB26A625B800ECB1B9 /* Project object */ = {
			isa = PBXProject;
			attributes = {
				LastSwiftUpdateCheck = 1250;
				LastUpgradeCheck = 1250;
				TargetAttributes = {
					7B6E640226A625B800ECB1B9 = {
						CreatedOnToolsVersion = 12.5.1;
					};
					7B6E641B26A625BE00ECB1B9 = {
						CreatedOnToolsVersion = 12.5.1;
						TestTargetID = 7B6E640226A625B800ECB1B9;
					};
					7B6E642626A625BF00ECB1B9 = {
						CreatedOnToolsVersion = 12.5.1;
						TestTargetID = 7B6E640226A625B800ECB1B9;
					};
				};
			};
			buildConfigurationList = 7B6E63FE26A625B800ECB1B9 /* Build configuration list for PBXProject "toDoList" */;
			compatibilityVersion = "Xcode 9.3";
			developmentRegion = en;
			hasScannedForEncodings = 0;
			knownRegions = (
				en,
				Base,
			);
			mainGroup = 7B6E63FA26A625B800ECB1B9;
			productRefGroup = 7B6E640426A625B900ECB1B9 /* Products */;
			projectDirPath = "";
			projectRoot = "";
			targets = (
				7B6E640226A625B800ECB1B9 /* toDoList */,
				7B6E641B26A625BE00ECB1B9 /* toDoListTests */,
				7B6E642626A625BF00ECB1B9 /* toDoListUITests */,
			);
		};
/* End PBXProject section */

/* Begin PBXResourcesBuildPhase section */
		7B6E640126A625B800ECB1B9 /* Resources */ = {
			isa = PBXResourcesBuildPhase;
			buildActionMask = 2147483647;
			files = (
				7B6E641626A625BE00ECB1B9 /* LaunchScreen.storyboard in Resources */,
				7B6E641326A625BE00ECB1B9 /* Assets.xcassets in Resources */,
				7B6E640E26A625B900ECB1B9 /* Main.storyboard in Resources */,
			);
			runOnlyForDeploymentPostprocessing = 0;
		};
		7B6E641A26A625BE00ECB1B9 /* Resources */ = {
			isa = PBXResourcesBuildPhase;
			buildActionMask = 2147483647;
			files = (
			);
			runOnlyForDeploymentPostprocessing = 0;
		};
		7B6E642526A625BF00ECB1B9 /* Resources */ = {
			isa = PBXResourcesBuildPhase;
			buildActionMask = 2147483647;
			files = (
			);
			runOnlyForDeploymentPostprocessing = 0;
		};
/* End PBXResourcesBuildPhase section */

/* Begin PBXSourcesBuildPhase section */
		7B6E63FF26A625B800ECB1B9 /* Sources */ = {
			isa = PBXSourcesBuildPhase;
			buildActionMask = 2147483647;
			files = (
				7B6E640726A625B900ECB1B9 /* AppDelegate.swift in Sources */,
				7B6E643C26A62AF200ECB1B9 /* ToDo.swift in Sources */,
				7B6E643A26A6295000ECB1B9 /* ToDoTableViewController.swift in Sources */,
				7B6E644026A70B7100ECB1B9 /* CompleteToDoViewController.swift in Sources */,
				7B6E640926A625B900ECB1B9 /* SceneDelegate.swift in Sources */,
				7B6E643E26A7033C00ECB1B9 /* AddToDoViewController.swift in Sources */,
				7B6E641126A625B900ECB1B9 /* toDoList.xcdatamodeld in Sources */,
			);
			runOnlyForDeploymentPostprocessing = 0;
		};
		7B6E641826A625BE00ECB1B9 /* Sources */ = {
			isa = PBXSourcesBuildPhase;
			buildActionMask = 2147483647;
			files = (
				7B6E642126A625BE00ECB1B9 /* toDoListTests.swift in Sources */,
			);
			runOnlyForDeploymentPostprocessing = 0;
		};
		7B6E642326A625BF00ECB1B9 /* Sources */ = {
			isa = PBXSourcesBuildPhase;
			buildActionMask = 2147483647;
			files = (
				7B6E642C26A625BF00ECB1B9 /* toDoListUITests.swift in Sources */,
			);
			runOnlyForDeploymentPostprocessing = 0;
		};
/* End PBXSourcesBuildPhase section */

/* Begin PBXTargetDependency section */
		7B6E641E26A625BE00ECB1B9 /* PBXTargetDependency */ = {
			isa = PBXTargetDependency;
			target = 7B6E640226A625B800ECB1B9 /* toDoList */;
			targetProxy = 7B6E641D26A625BE00ECB1B9 /* PBXContainerItemProxy */;
		};
		7B6E642926A625BF00ECB1B9 /* PBXTargetDependency */ = {
			isa = PBXTargetDependency;
			target = 7B6E640226A625B800ECB1B9 /* toDoList */;
			targetProxy = 7B6E642826A625BF00ECB1B9 /* PBXContainerItemProxy */;
		};
/* End PBXTargetDependency section */

/* Begin PBXVariantGroup section */
		7B6E640C26A625B900ECB1B9 /* Main.storyboard */ = {
			isa = PBXVariantGroup;
			children = (
				7B6E640D26A625B900ECB1B9 /* Base */,
			);
			name = Main.storyboard;
			sourceTree = "<group>";
		};
		7B6E641426A625BE00ECB1B9 /* LaunchScreen.storyboard */ = {
			isa = PBXVariantGroup;
			children = (
				7B6E641526A625BE00ECB1B9 /* Base */,
			);
			name = LaunchScreen.storyboard;
			sourceTree = "<group>";
		};
/* End PBXVariantGroup section */

/* Begin XCBuildConfiguration section */
		7B6E642E26A625BF00ECB1B9 /* Debug */ = {
			isa = XCBuildConfiguration;
			buildSettings = {
				ALWAYS_SEARCH_USER_PATHS = NO;
				CLANG_ANALYZER_NONNULL = YES;
				CLANG_ANALYZER_NUMBER_OBJECT_CONVERSION = YES_AGGRESSIVE;
				CLANG_CXX_LANGUAGE_STANDARD = "gnu++14";
				CLANG_CXX_LIBRARY = "libc++";
				CLANG_ENABLE_MODULES = YES;
				CLANG_ENABLE_OBJC_ARC = YES;
				CLANG_ENABLE_OBJC_WEAK = YES;
				CLANG_WARN_BLOCK_CAPTURE_AUTORELEASING = YES;
				CLANG_WARN_BOOL_CONVERSION = YES;
				CLANG_WARN_COMMA = YES;
				CLANG_WARN_CONSTANT_CONVERSION = YES;
				CLANG_WARN_DEPRECATED_OBJC_IMPLEMENTATIONS = YES;
				CLANG_WARN_DIRECT_OBJC_ISA_USAGE = YES_ERROR;
				CLANG_WARN_DOCUMENTATION_COMMENTS = YES;
				CLANG_WARN_EMPTY_BODY = YES;
				CLANG_WARN_ENUM_CONVERSION = YES;
				CLANG_WARN_INFINITE_RECURSION = YES;
				CLANG_WARN_INT_CONVERSION = YES;
				CLANG_WARN_NON_LITERAL_NULL_CONVERSION = YES;
				CLANG_WARN_OBJC_IMPLICIT_RETAIN_SELF = YES;
				CLANG_WARN_OBJC_LITERAL_CONVERSION = YES;
				CLANG_WARN_OBJC_ROOT_CLASS = YES_ERROR;
				CLANG_WARN_QUOTED_INCLUDE_IN_FRAMEWORK_HEADER = YES;
				CLANG_WARN_RANGE_LOOP_ANALYSIS = YES;
				CLANG_WARN_STRICT_PROTOTYPES = YES;
				CLANG_WARN_SUSPICIOUS_MOVE = YES;
				CLANG_WARN_UNGUARDED_AVAILABILITY = YES_AGGRESSIVE;
				CLANG_WARN_UNREACHABLE_CODE = YES;
				CLANG_WARN__DUPLICATE_METHOD_MATCH = YES;
				COPY_PHASE_STRIP = NO;
				DEBUG_INFORMATION_FORMAT = dwarf;
				ENABLE_STRICT_OBJC_MSGSEND = YES;
				ENABLE_TESTABILITY = YES;
				GCC_C_LANGUAGE_STANDARD = gnu11;
				GCC_DYNAMIC_NO_PIC = NO;
				GCC_NO_COMMON_BLOCKS = YES;
				GCC_OPTIMIZATION_LEVEL = 0;
				GCC_PREPROCESSOR_DEFINITIONS = (
					"DEBUG=1",
					"$(inherited)",
				);
				GCC_WARN_64_TO_32_BIT_CONVERSION = YES;
				GCC_WARN_ABOUT_RETURN_TYPE = YES_ERROR;
				GCC_WARN_UNDECLARED_SELECTOR = YES;
				GCC_WARN_UNINITIALIZED_AUTOS = YES_AGGRESSIVE;
				GCC_WARN_UNUSED_FUNCTION = YES;
				GCC_WARN_UNUSED_VARIABLE = YES;
				IPHONEOS_DEPLOYMENT_TARGET = 14.5;
				MTL_ENABLE_DEBUG_INFO = INCLUDE_SOURCE;
				MTL_FAST_MATH = YES;
				ONLY_ACTIVE_ARCH = YES;
				SDKROOT = iphoneos;
				SWIFT_ACTIVE_COMPILATION_CONDITIONS = DEBUG;
				SWIFT_OPTIMIZATION_LEVEL = "-Onone";
			};
			name = Debug;
		};
		7B6E642F26A625BF00ECB1B9 /* Release */ = {
			isa = XCBuildConfiguration;
			buildSettings = {
				ALWAYS_SEARCH_USER_PATHS = NO;
				CLANG_ANALYZER_NONNULL = YES;
				CLANG_ANALYZER_NUMBER_OBJECT_CONVERSION = YES_AGGRESSIVE;
				CLANG_CXX_LANGUAGE_STANDARD = "gnu++14";
				CLANG_CXX_LIBRARY = "libc++";
				CLANG_ENABLE_MODULES = YES;
				CLANG_ENABLE_OBJC_ARC = YES;
				CLANG_ENABLE_OBJC_WEAK = YES;
				CLANG_WARN_BLOCK_CAPTURE_AUTORELEASING = YES;
				CLANG_WARN_BOOL_CONVERSION = YES;
				CLANG_WARN_COMMA = YES;
				CLANG_WARN_CONSTANT_CONVERSION = YES;
				CLANG_WARN_DEPRECATED_OBJC_IMPLEMENTATIONS = YES;
				CLANG_WARN_DIRECT_OBJC_ISA_USAGE = YES_ERROR;
				CLANG_WARN_DOCUMENTATION_COMMENTS = YES;
				CLANG_WARN_EMPTY_BODY = YES;
				CLANG_WARN_ENUM_CONVERSION = YES;
				CLANG_WARN_INFINITE_RECURSION = YES;
				CLANG_WARN_INT_CONVERSION = YES;
				CLANG_WARN_NON_LITERAL_NULL_CONVERSION = YES;
				CLANG_WARN_OBJC_IMPLICIT_RETAIN_SELF = YES;
				CLANG_WARN_OBJC_LITERAL_CONVERSION = YES;
				CLANG_WARN_OBJC_ROOT_CLASS = YES_ERROR;
				CLANG_WARN_QUOTED_INCLUDE_IN_FRAMEWORK_HEADER = YES;
				CLANG_WARN_RANGE_LOOP_ANALYSIS = YES;
				CLANG_WARN_STRICT_PROTOTYPES = YES;
				CLANG_WARN_SUSPICIOUS_MOVE = YES;
				CLANG_WARN_UNGUARDED_AVAILABILITY = YES_AGGRESSIVE;
				CLANG_WARN_UNREACHABLE_CODE = YES;
				CLANG_WARN__DUPLICATE_METHOD_MATCH = YES;
				COPY_PHASE_STRIP = NO;
				DEBUG_INFORMATION_FORMAT = "dwarf-with-dsym";
				ENABLE_NS_ASSERTIONS = NO;
				ENABLE_STRICT_OBJC_MSGSEND = YES;
				GCC_C_LANGUAGE_STANDARD = gnu11;
				GCC_NO_COMMON_BLOCKS = YES;
				GCC_WARN_64_TO_32_BIT_CONVERSION = YES;
				GCC_WARN_ABOUT_RETURN_TYPE = YES_ERROR;
				GCC_WARN_UNDECLARED_SELECTOR = YES;
				GCC_WARN_UNINITIALIZED_AUTOS = YES_AGGRESSIVE;
				GCC_WARN_UNUSED_FUNCTION = YES;
				GCC_WARN_UNUSED_VARIABLE = YES;
				IPHONEOS_DEPLOYMENT_TARGET = 14.5;
				MTL_ENABLE_DEBUG_INFO = NO;
				MTL_FAST_MATH = YES;
				SDKROOT = iphoneos;
				SWIFT_COMPILATION_MODE = wholemodule;
				SWIFT_OPTIMIZATION_LEVEL = "-O";
				VALIDATE_PRODUCT = YES;
			};
			name = Release;
		};
		7B6E643126A625BF00ECB1B9 /* Debug */ = {
			isa = XCBuildConfiguration;
			buildSettings = {
				ASSETCATALOG_COMPILER_APPICON_NAME = AppIcon;
				ASSETCATALOG_COMPILER_GLOBAL_ACCENT_COLOR_NAME = AccentColor;
				CODE_SIGN_STYLE = Automatic;
				INFOPLIST_FILE = toDoList/Info.plist;
				LD_RUNPATH_SEARCH_PATHS = (
					"$(inherited)",
					"@executable_path/Frameworks",
				);
				PRODUCT_BUNDLE_IDENTIFIER = "kwk-2021.toDoList";
				PRODUCT_NAME = "$(TARGET_NAME)";
				SWIFT_VERSION = 5.0;
				TARGETED_DEVICE_FAMILY = "1,2";
			};
			name = Debug;
		};
		7B6E643226A625BF00ECB1B9 /* Release */ = {
			isa = XCBuildConfiguration;
			buildSettings = {
				ASSETCATALOG_COMPILER_APPICON_NAME = AppIcon;
				ASSETCATALOG_COMPILER_GLOBAL_ACCENT_COLOR_NAME = AccentColor;
				CODE_SIGN_STYLE = Automatic;
				INFOPLIST_FILE = toDoList/Info.plist;
				LD_RUNPATH_SEARCH_PATHS = (
					"$(inherited)",
					"@executable_path/Frameworks",
				);
				PRODUCT_BUNDLE_IDENTIFIER = "kwk-2021.toDoList";
				PRODUCT_NAME = "$(TARGET_NAME)";
				SWIFT_VERSION = 5.0;
				TARGETED_DEVICE_FAMILY = "1,2";
			};
			name = Release;
		};
		7B6E643426A625BF00ECB1B9 /* Debug */ = {
			isa = XCBuildConfiguration;
			buildSettings = {
				ALWAYS_EMBED_SWIFT_STANDARD_LIBRARIES = YES;
				BUNDLE_LOADER = "$(TEST_HOST)";
				CODE_SIGN_STYLE = Automatic;
				INFOPLIST_FILE = toDoListTests/Info.plist;
				IPHONEOS_DEPLOYMENT_TARGET = 14.5;
				LD_RUNPATH_SEARCH_PATHS = (
					"$(inherited)",
					"@executable_path/Frameworks",
					"@loader_path/Frameworks",
				);
				PRODUCT_BUNDLE_IDENTIFIER = "kwk-2021.toDoListTests";
				PRODUCT_NAME = "$(TARGET_NAME)";
				SWIFT_VERSION = 5.0;
				TARGETED_DEVICE_FAMILY = "1,2";
				TEST_HOST = "$(BUILT_PRODUCTS_DIR)/toDoList.app/toDoList";
			};
			name = Debug;
		};
		7B6E643526A625BF00ECB1B9 /* Release */ = {
			isa = XCBuildConfiguration;
			buildSettings = {
				ALWAYS_EMBED_SWIFT_STANDARD_LIBRARIES = YES;
				BUNDLE_LOADER = "$(TEST_HOST)";
				CODE_SIGN_STYLE = Automatic;
				INFOPLIST_FILE = toDoListTests/Info.plist;
				IPHONEOS_DEPLOYMENT_TARGET = 14.5;
				LD_RUNPATH_SEARCH_PATHS = (
					"$(inherited)",
					"@executable_path/Frameworks",
					"@loader_path/Frameworks",
				);
				PRODUCT_BUNDLE_IDENTIFIER = "kwk-2021.toDoListTests";
				PRODUCT_NAME = "$(TARGET_NAME)";
				SWIFT_VERSION = 5.0;
				TARGETED_DEVICE_FAMILY = "1,2";
				TEST_HOST = "$(BUILT_PRODUCTS_DIR)/toDoList.app/toDoList";
			};
			name = Release;
		};
		7B6E643726A625BF00ECB1B9 /* Debug */ = {
			isa = XCBuildConfiguration;
			buildSettings = {
				ALWAYS_EMBED_SWIFT_STANDARD_LIBRARIES = YES;
				CODE_SIGN_STYLE = Automatic;
				INFOPLIST_FILE = toDoListUITests/Info.plist;
				LD_RUNPATH_SEARCH_PATHS = (
					"$(inherited)",
					"@executable_path/Frameworks",
					"@loader_path/Frameworks",
				);
				PRODUCT_BUNDLE_IDENTIFIER = "kwk-2021.toDoListUITests";
				PRODUCT_NAME = "$(TARGET_NAME)";
				SWIFT_VERSION = 5.0;
				TARGETED_DEVICE_FAMILY = "1,2";
				TEST_TARGET_NAME = toDoList;
			};
			name = Debug;
		};
		7B6E643826A625BF00ECB1B9 /* Release */ = {
			isa = XCBuildConfiguration;
			buildSettings = {
				ALWAYS_EMBED_SWIFT_STANDARD_LIBRARIES = YES;
				CODE_SIGN_STYLE = Automatic;
				INFOPLIST_FILE = toDoListUITests/Info.plist;
				LD_RUNPATH_SEARCH_PATHS = (
					"$(inherited)",
					"@executable_path/Frameworks",
					"@loader_path/Frameworks",
				);
				PRODUCT_BUNDLE_IDENTIFIER = "kwk-2021.toDoListUITests";
				PRODUCT_NAME = "$(TARGET_NAME)";
				SWIFT_VERSION = 5.0;
				TARGETED_DEVICE_FAMILY = "1,2";
				TEST_TARGET_NAME = toDoList;
			};
			name = Release;
		};
/* End XCBuildConfiguration section */

/* Begin XCConfigurationList section */
		7B6E63FE26A625B800ECB1B9 /* Build configuration list for PBXProject "toDoList" */ = {
			isa = XCConfigurationList;
			buildConfigurations = (
				7B6E642E26A625BF00ECB1B9 /* Debug */,
				7B6E642F26A625BF00ECB1B9 /* Release */,
			);
			defaultConfigurationIsVisible = 0;
			defaultConfigurationName = Release;
		};
		7B6E643026A625BF00ECB1B9 /* Build configuration list for PBXNativeTarget "toDoList" */ = {
			isa = XCConfigurationList;
			buildConfigurations = (
				7B6E643126A625BF00ECB1B9 /* Debug */,
				7B6E643226A625BF00ECB1B9 /* Release */,
			);
			defaultConfigurationIsVisible = 0;
			defaultConfigurationName = Release;
		};
		7B6E643326A625BF00ECB1B9 /* Build configuration list for PBXNativeTarget "toDoListTests" */ = {
			isa = XCConfigurationList;
			buildConfigurations = (
				7B6E643426A625BF00ECB1B9 /* Debug */,
				7B6E643526A625BF00ECB1B9 /* Release */,
			);
			defaultConfigurationIsVisible = 0;
			defaultConfigurationName = Release;
		};
		7B6E643626A625BF00ECB1B9 /* Build configuration list for PBXNativeTarget "toDoListUITests" */ = {
			isa = XCConfigurationList;
			buildConfigurations = (
				7B6E643726A625BF00ECB1B9 /* Debug */,
				7B6E643826A625BF00ECB1B9 /* Release */,
			);
			defaultConfigurationIsVisible = 0;
			defaultConfigurationName = Release;
		};
/* End XCConfigurationList section */

/* Begin XCVersionGroup section */
		7B6E640F26A625B900ECB1B9 /* toDoList.xcdatamodeld */ = {
			isa = XCVersionGroup;
			children = (
				7B6E641026A625B900ECB1B9 /* toDoList.xcdatamodel */,
			);
			currentVersion = 7B6E641026A625B900ECB1B9 /* toDoList.xcdatamodel */;
			path = toDoList.xcdatamodeld;
			sourceTree = "<group>";
			versionGroupType = wrapper.xcdatamodel;
		};
/* End XCVersionGroup section */
	};
	rootObject = 7B6E63FB26A625B800ECB1B9 /* Project object */;
}
